
Microsoft Visual Studio Solution File, Format Version 12.00
# Visual Studio Version 16
VisualStudioVersion = 16.0.30204.135
MinimumVisualStudioVersion = 10.0.40219.1
Project("{9A19103F-16F7-4668-BE54-9A1E7A4F7556}") = "Registro Detalle Aplicada 2", "Registro Detalle Aplicada 2\Registro Detalle Aplicada 2.csproj", "{FC12C947-1131-44E3-84C9-29FFC2977E49}"
EndProject
Global
	GlobalSection(SolutionConfigurationPlatforms) = preSolution
		Debug|Any CPU = Debug|Any CPU
		Release|Any CPU = Release|Any CPU
	EndGlobalSection
	GlobalSection(ProjectConfigurationPlatforms) = postSolution
		{FC12C947-1131-44E3-84C9-29FFC2977E49}.Debug|Any CPU.ActiveCfg = Debug|Any CPU
		{FC12C947-1131-44E3-84C9-29FFC2977E49}.Debug|Any CPU.Build.0 = Debug|Any CPU
		{FC12C947-1131-44E3-84C9-29FFC2977E49}.Release|Any CPU.ActiveCfg = Release|Any CPU
		{FC12C947-1131-44E3-84C9-29FFC2977E49}.Release|Any CPU.Build.0 = Release|Any CPU
	EndGlobalSection
	GlobalSection(SolutionProperties) = preSolution
		HideSolutionNode = FALSE
	EndGlobalSection
	GlobalSection(ExtensibilityGlobals) = postSolution
		SolutionGuid = {1FC77DA2-F37D-41F7-9728-4DEB9BB41102}
	EndGlobalSection
EndGlobal
